{
  "version": 4,
  "terraform_version": "1.5.7",
  "serial": 12,
  "lineage": "bcab5d49-b62e-daab-040c-2f65c75c389d",
  "outputs": {},
  "resources": [
    {
      "mode": "managed",
      "type": "aws_vpc",
      "name": "vpc_ohio",
      "provider": "provider[\"registry.terraform.io/hashicorp/aws\"].ohio",
      "instances": [
        {
          "schema_version": 1,
          "attributes": {
            "arn": "arn:aws:ec2:us-east-2:525384122306:vpc/vpc-029eb3e2455237ab7",
            "assign_generated_ipv6_cidr_block": false,
            "cidr_block": "10.20.0.0/16",
            "default_network_acl_id": "acl-06b5f1c8bd1949725",
            "default_route_table_id": "rtb-074ff621d4e012399",
            "default_security_group_id": "sg-086c9b970238c2138",
            "dhcp_options_id": "dopt-0e4f39a397a3e0231",
            "enable_dns_hostnames": false,
            "enable_dns_support": true,
            "enable_network_address_usage_metrics": false,
            "id": "vpc-029eb3e2455237ab7",
            "instance_tenancy": "default",
            "ipv4_ipam_pool_id": null,
            "ipv4_netmask_length": null,
            "ipv6_association_id": "",
            "ipv6_cidr_block": "",
            "ipv6_cidr_block_network_border_group": "",
            "ipv6_ipam_pool_id": "",
            "ipv6_netmask_length": 0,
            "main_route_table_id": "rtb-074ff621d4e012399",
            "owner_id": "525384122306",
            "tags": {
              "Name": "VPC_OHIO",
              "env": "dev"
            },
            "tags_all": {
              "Name": "VPC_OHIO",
              "env": "dev"
            }
          },
          "sensitive_attributes": [],
          "private": "eyJzY2hlbWFfdmVyc2lvbiI6IjEifQ=="
        }
      ]
    },
    {
      "mode": "managed",
      "type": "aws_vpc",
      "name": "vpc_virginia",
      "provider": "provider[\"registry.terraform.io/hashicorp/aws\"]",
      "instances": [
        {
          "schema_version": 1,
          "attributes": {
            "arn": "arn:aws:ec2:us-east-1:525384122306:vpc/vpc-095a4ace5f5fc1177",
            "assign_generated_ipv6_cidr_block": false,
            "cidr_block": "10.10.0.0/16",
            "default_network_acl_id": "acl-0ebca1e3b5ae8f859",
            "default_route_table_id": "rtb-0f51cef87e2508c4f",
            "default_security_group_id": "sg-0386518da31105640",
            "dhcp_options_id": "dopt-0e234cb5886fb892d",
            "enable_dns_hostnames": false,
            "enable_dns_support": true,
            "enable_network_address_usage_metrics": false,
            "id": "vpc-095a4ace5f5fc1177",
            "instance_tenancy": "default",
            "ipv4_ipam_pool_id": null,
            "ipv4_netmask_length": null,
            "ipv6_association_id": "",
            "ipv6_cidr_block": "",
            "ipv6_cidr_block_network_border_group": "",
            "ipv6_ipam_pool_id": "",
            "ipv6_netmask_length": 0,
            "main_route_table_id": "rtb-0f51cef87e2508c4f",
            "owner_id": "525384122306",
            "tags": {
              "Name": "VPC_VIRGINIA",
              "env": "dev"
            },
            "tags_all": {
              "Name": "VPC_VIRGINIA",
              "env": "dev"
            }
          },
          "sensitive_attributes": [],
          "private": "eyJzY2hlbWFfdmVyc2lvbiI6IjEifQ=="
        }
      ]
    }
  ],
  "check_results": null
}
